
Microsoft Visual Studio Solution File, Format Version 12.00
# Visual Studio Version 17
VisualStudioVersion = 17.0.32014.148
MinimumVisualStudioVersion = 10.0.40219.1
Project("{FAE04EC0-301F-11D3-BF4B-00C04F79EFBC}") = "WorkHoursTracker", "WorkHoursTracker\WorkHoursTracker.csproj", "{0F85841D-4AE1-4774-ABD4-5127EDF0A687}"
EndProject
Project("{FAE04EC0-301F-11D3-BF4B-00C04F79EFBC}") = "WorkHoursTrackerTests", "WorkHoursTrackerTests\WorkHoursTrackerTests.csproj", "{AF0CA70D-8621-4F5A-98DE-C6804A7BD0F7}"
EndProject
Project("{2150E333-8FDC-42A3-9474-1A3956D46DE8}") = "Test", "Test", "{96A77AB2-BBE5-4D70-B5AF-7BEB560254FA}"
EndProject
Global
	GlobalSection(SolutionConfigurationPlatforms) = preSolution
		Debug|Any CPU = Debug|Any CPU
		Release|Any CPU = Release|Any CPU
	EndGlobalSection
	GlobalSection(ProjectConfigurationPlatforms) = postSolution
		{0F85841D-4AE1-4774-ABD4-5127EDF0A687}.Debug|Any CPU.ActiveCfg = Debug|Any CPU
		{0F85841D-4AE1-4774-ABD4-5127EDF0A687}.Debug|Any CPU.Build.0 = Debug|Any CPU
		{0F85841D-4AE1-4774-ABD4-5127EDF0A687}.Release|Any CPU.ActiveCfg = Release|Any CPU
		{0F85841D-4AE1-4774-ABD4-5127EDF0A687}.Release|Any CPU.Build.0 = Release|Any CPU
		{AF0CA70D-8621-4F5A-98DE-C6804A7BD0F7}.Debug|Any CPU.ActiveCfg = Debug|Any CPU
		{AF0CA70D-8621-4F5A-98DE-C6804A7BD0F7}.Debug|Any CPU.Build.0 = Debug|Any CPU
		{AF0CA70D-8621-4F5A-98DE-C6804A7BD0F7}.Release|Any CPU.ActiveCfg = Release|Any CPU
		{AF0CA70D-8621-4F5A-98DE-C6804A7BD0F7}.Release|Any CPU.Build.0 = Release|Any CPU
	EndGlobalSection
	GlobalSection(SolutionProperties) = preSolution
		HideSolutionNode = FALSE
	EndGlobalSection
	GlobalSection(NestedProjects) = preSolution
		{AF0CA70D-8621-4F5A-98DE-C6804A7BD0F7} = {96A77AB2-BBE5-4D70-B5AF-7BEB560254FA}
	EndGlobalSection
	GlobalSection(ExtensibilityGlobals) = postSolution
		SolutionGuid = {A0DE11DE-3E9B-4D5C-8F75-E801F154F0A8}
	EndGlobalSection
EndGlobal
